
Microsoft Visual Studio Solution File, Format Version 12.00
# Visual Studio Version 16
VisualStudioVersion = 16.0.29806.167
MinimumVisualStudioVersion = 10.0.40219.1
Project("{FAE04EC0-301F-11D3-BF4B-00C04F79EFBC}") = "EstateReporting", "EstateReporting\EstateReporting.csproj", "{AEDDA931-5EEA-4DDC-8F36-8BB5CF97B516}"
EndProject
Project("{2150E333-8FDC-42A3-9474-1A3956D46DE8}") = "src", "src", "{EFE4B683-720B-453D-84B7-8955A5648620}"
EndProject
Project("{2150E333-8FDC-42A3-9474-1A3956D46DE8}") = "test", "test", "{3DAECF53-D7C1-4473-8BC2-296BDFD906A2}"
EndProject
Project("{FAE04EC0-301F-11D3-BF4B-00C04F79EFBC}") = "EstateReporting.BusinessLogic", "EstateReporting.BusinessLogic\EstateReporting.BusinessLogic.csproj", "{61B2DB90-7847-4468-8D0D-48910CA3CA52}"
EndProject
Project("{FAE04EC0-301F-11D3-BF4B-00C04F79EFBC}") = "EstateReporting.BusinessLogic.Tests", "EstateReporting.BusinessLogic.Tests\EstateReporting.BusinessLogic.Tests.csproj", "{3039BBE0-3310-41C9-BA4F-9CE901123AEF}"
EndProject
Global
	GlobalSection(SolutionConfigurationPlatforms) = preSolution
		Debug|Any CPU = Debug|Any CPU
		Release|Any CPU = Release|Any CPU
	EndGlobalSection
	GlobalSection(ProjectConfigurationPlatforms) = postSolution
		{AEDDA931-5EEA-4DDC-8F36-8BB5CF97B516}.Debug|Any CPU.ActiveCfg = Debug|Any CPU
		{AEDDA931-5EEA-4DDC-8F36-8BB5CF97B516}.Debug|Any CPU.Build.0 = Debug|Any CPU
		{AEDDA931-5EEA-4DDC-8F36-8BB5CF97B516}.Release|Any CPU.ActiveCfg = Release|Any CPU
		{AEDDA931-5EEA-4DDC-8F36-8BB5CF97B516}.Release|Any CPU.Build.0 = Release|Any CPU
		{61B2DB90-7847-4468-8D0D-48910CA3CA52}.Debug|Any CPU.ActiveCfg = Debug|Any CPU
		{61B2DB90-7847-4468-8D0D-48910CA3CA52}.Debug|Any CPU.Build.0 = Debug|Any CPU
		{61B2DB90-7847-4468-8D0D-48910CA3CA52}.Release|Any CPU.ActiveCfg = Release|Any CPU
		{61B2DB90-7847-4468-8D0D-48910CA3CA52}.Release|Any CPU.Build.0 = Release|Any CPU
		{3039BBE0-3310-41C9-BA4F-9CE901123AEF}.Debug|Any CPU.ActiveCfg = Debug|Any CPU
		{3039BBE0-3310-41C9-BA4F-9CE901123AEF}.Debug|Any CPU.Build.0 = Debug|Any CPU
		{3039BBE0-3310-41C9-BA4F-9CE901123AEF}.Release|Any CPU.ActiveCfg = Release|Any CPU
		{3039BBE0-3310-41C9-BA4F-9CE901123AEF}.Release|Any CPU.Build.0 = Release|Any CPU
	EndGlobalSection
	GlobalSection(SolutionProperties) = preSolution
		HideSolutionNode = FALSE
	EndGlobalSection
	GlobalSection(NestedProjects) = preSolution
		{AEDDA931-5EEA-4DDC-8F36-8BB5CF97B516} = {EFE4B683-720B-453D-84B7-8955A5648620}
		{61B2DB90-7847-4468-8D0D-48910CA3CA52} = {EFE4B683-720B-453D-84B7-8955A5648620}
		{3039BBE0-3310-41C9-BA4F-9CE901123AEF} = {3DAECF53-D7C1-4473-8BC2-296BDFD906A2}
	EndGlobalSection
	GlobalSection(ExtensibilityGlobals) = postSolution
		SolutionGuid = {977E9A6E-2332-4BC9-B774-75F089C6DB46}
	EndGlobalSection
EndGlobal
